
Microsoft Visual Studio Solution File, Format Version 12.00
Project("{FAE04EC0-301F-11D3-BF4B-00C04F79EFBC}") = "FlexyBox", "FlexyBox.csproj", "{4E29E9A6-690D-4BA0-9360-22747DB35D42}"
EndProject
Project("{FAE04EC0-301F-11D3-BF4B-00C04F79EFBC}") = "Application", "Application\Application.csproj", "{F51F03D8-E10A-4AD7-8D2B-A077C7D88390}"
EndProject
Project("{FAE04EC0-301F-11D3-BF4B-00C04F79EFBC}") = "Domain", "Domain\Domain.csproj", "{31FB2CF5-61E9-4597-AA2D-493BBEB45545}"
EndProject
Project("{FAE04EC0-301F-11D3-BF4B-00C04F79EFBC}") = "Infrastructure", "Infrastructure\Infrastructure.csproj", "{BA84D125-4FF5-40B7-A9D7-3F433AD9FB41}"
EndProject
Global
	GlobalSection(SolutionConfigurationPlatforms) = preSolution
		Debug|Any CPU = Debug|Any CPU
		Release|Any CPU = Release|Any CPU
	EndGlobalSection
	GlobalSection(ProjectConfigurationPlatforms) = postSolution
		{4E29E9A6-690D-4BA0-9360-22747DB35D42}.Debug|Any CPU.ActiveCfg = Debug|Any CPU
		{4E29E9A6-690D-4BA0-9360-22747DB35D42}.Debug|Any CPU.Build.0 = Debug|Any CPU
		{4E29E9A6-690D-4BA0-9360-22747DB35D42}.Release|Any CPU.ActiveCfg = Release|Any CPU
		{4E29E9A6-690D-4BA0-9360-22747DB35D42}.Release|Any CPU.Build.0 = Release|Any CPU
		{F51F03D8-E10A-4AD7-8D2B-A077C7D88390}.Debug|Any CPU.ActiveCfg = Debug|Any CPU
		{F51F03D8-E10A-4AD7-8D2B-A077C7D88390}.Debug|Any CPU.Build.0 = Debug|Any CPU
		{F51F03D8-E10A-4AD7-8D2B-A077C7D88390}.Release|Any CPU.ActiveCfg = Release|Any CPU
		{F51F03D8-E10A-4AD7-8D2B-A077C7D88390}.Release|Any CPU.Build.0 = Release|Any CPU
		{31FB2CF5-61E9-4597-AA2D-493BBEB45545}.Debug|Any CPU.ActiveCfg = Debug|Any CPU
		{31FB2CF5-61E9-4597-AA2D-493BBEB45545}.Debug|Any CPU.Build.0 = Debug|Any CPU
		{31FB2CF5-61E9-4597-AA2D-493BBEB45545}.Release|Any CPU.ActiveCfg = Release|Any CPU
		{31FB2CF5-61E9-4597-AA2D-493BBEB45545}.Release|Any CPU.Build.0 = Release|Any CPU
		{BA84D125-4FF5-40B7-A9D7-3F433AD9FB41}.Debug|Any CPU.ActiveCfg = Debug|Any CPU
		{BA84D125-4FF5-40B7-A9D7-3F433AD9FB41}.Debug|Any CPU.Build.0 = Debug|Any CPU
		{BA84D125-4FF5-40B7-A9D7-3F433AD9FB41}.Release|Any CPU.ActiveCfg = Release|Any CPU
		{BA84D125-4FF5-40B7-A9D7-3F433AD9FB41}.Release|Any CPU.Build.0 = Release|Any CPU
	EndGlobalSection
EndGlobal
